{
  "name": "hurp-cli-plugins",
  "version": "0.1.0",
  "lockfileVersion": 2,
  "requires": true,
  "packages": {
    "": {
      "name": "hurp-cli-plugins",
      "version": "0.1.0",
      "license": "MIT",
      "dependencies": {
        "as-table": "^1.0.55",
        "find-up": "^5.0.0",
        "hurp-types": "^1.0.3",
        "uberlog": "^0.1.1",
        "uberlog-format": "^0.1.0"
      },
      "devDependencies": {
        "@types/node": "^18.7.3",
        "typescript": "^4.7.4"
      },
      "peerDependencies": {
        "hurp-cli": "^0.4.0"
      }
    },
    "node_modules/@types/node": {
      "version": "18.7.3",
      "resolved": "https://registry.npmjs.org/@types/node/-/node-18.7.3.tgz",
      "integrity": "sha512-LJgzOEwWuMTBxHzgBR/fhhBOWrvBjvO+zPteUgbbuQi80rYIZHrk1mNbRUqPZqSLP2H7Rwt1EFLL/tNLD1Xx/w==",
      "dev": true
    },
    "node_modules/ansi-styles": {
      "version": "4.3.0",
      "resolved": "https://registry.npmjs.org/ansi-styles/-/ansi-styles-4.3.0.tgz",
      "integrity": "sha512-zbB9rCJAT1rbjiVDb2hqKFHNYLxgtk8NURxZ3IZwD3F6NtxbXZQCnnSi1Lkx+IDohdPlFp222wVALIheZJQSEg==",
      "dependencies": {
        "color-convert": "^2.0.1"
      },
      "engines": {
        "node": ">=8"
      },
      "funding": {
        "url": "https://github.com/chalk/ansi-styles?sponsor=1"
      }
    },
    "node_modules/as-table": {
      "version": "1.0.55",
      "resolved": "https://registry.npmjs.org/as-table/-/as-table-1.0.55.tgz",
      "integrity": "sha512-xvsWESUJn0JN421Xb9MQw6AsMHRCUknCe0Wjlxvjud80mU4E6hQf1A6NzQKcYNmYw62MfzEtXc+badstZP3JpQ==",
      "dependencies": {
        "printable-characters": "^1.0.42"
      }
    },
    "node_modules/camel-case": {
      "version": "4.1.2",
      "resolved": "https://registry.npmjs.org/camel-case/-/camel-case-4.1.2.tgz",
      "integrity": "sha512-gxGWBrTT1JuMx6R+o5PTXMmUnhnVzLQ9SNutD4YqKtI6ap897t3tKECYla6gCWEkplXnlNybEkZg9GEGxKFCgw==",
      "peer": true,
      "dependencies": {
        "pascal-case": "^3.1.2",
        "tslib": "^2.0.3"
      }
    },
    "node_modules/chalk": {
      "version": "4.1.2",
      "resolved": "https://registry.npmjs.org/chalk/-/chalk-4.1.2.tgz",
      "integrity": "sha512-oKnbhFyRIXpUuez8iBMmyEa4nbj4IOQyuhc/wy9kY7/WVPcwIO9VA668Pu8RkO7+0G76SLROeyw9CpQ061i4mA==",
      "dependencies": {
        "ansi-styles": "^4.1.0",
        "supports-color": "^7.1.0"
      },
      "engines": {
        "node": ">=10"
      },
      "funding": {
        "url": "https://github.com/chalk/chalk?sponsor=1"
      }
    },
    "node_modules/color-convert": {
      "version": "2.0.1",
      "resolved": "https://registry.npmjs.org/color-convert/-/color-convert-2.0.1.tgz",
      "integrity": "sha512-RRECPsj7iu/xb5oKYcsFHSppFNnsj/52OVTRKb4zP5onXwVF3zVmmToNcOfGC+CRDpfK/U584fMg38ZHCaElKQ==",
      "dependencies": {
        "color-name": "~1.1.4"
      },
      "engines": {
        "node": ">=7.0.0"
      }
    },
    "node_modules/color-name": {
      "version": "1.1.4",
      "resolved": "https://registry.npmjs.org/color-name/-/color-name-1.1.4.tgz",
      "integrity": "sha512-dOy+3AuW3a2wNbZHIuMZpTcgjGuLU/uBL/ubcZF9OXbDo8ff4O8yVp5Bf0efS8uEoYo5q4Fx7dY9OgQGXgAsQA=="
    },
    "node_modules/date-fns": {
      "version": "2.29.1",
      "resolved": "https://registry.npmjs.org/date-fns/-/date-fns-2.29.1.tgz",
      "integrity": "sha512-dlLD5rKaKxpFdnjrs+5azHDFOPEu4ANy/LTh04A1DTzMM7qoajmKCBc8pkKRFT41CNzw+4gQh79X5C+Jq27HAw==",
      "engines": {
        "node": ">=0.11"
      },
      "funding": {
        "type": "opencollective",
        "url": "https://opencollective.com/date-fns"
      }
    },
    "node_modules/dot-case": {
      "version": "3.0.4",
      "resolved": "https://registry.npmjs.org/dot-case/-/dot-case-3.0.4.tgz",
      "integrity": "sha512-Kv5nKlh6yRrdrGvxeJ2e5y2eRUpkUosIW4A2AS38zwSz27zu7ufDwQPi5Jhs3XAlGNetl3bmnGhQsMtkKJnj3w==",
      "peer": true,
      "dependencies": {
        "no-case": "^3.0.4",
        "tslib": "^2.0.3"
      }
    },
    "node_modules/find-up": {
      "version": "5.0.0",
      "resolved": "https://registry.npmjs.org/find-up/-/find-up-5.0.0.tgz",
      "integrity": "sha512-78/PXT1wlLLDgTzDs7sjq9hzz0vXD+zn+7wypEe4fXQxCmdmqfGsEPQxmiCSQI3ajFV91bVSsvNtrJRiW6nGng==",
      "dependencies": {
        "locate-path": "^6.0.0",
        "path-exists": "^4.0.0"
      },
      "engines": {
        "node": ">=10"
      },
      "funding": {
        "url": "https://github.com/sponsors/sindresorhus"
      }
    },
    "node_modules/has-flag": {
      "version": "4.0.0",
      "resolved": "https://registry.npmjs.org/has-flag/-/has-flag-4.0.0.tgz",
      "integrity": "sha512-EykJT/Q1KjTWctppgIAgfSO0tKVuZUjhgMr17kqTumMl6Afv3EISleU7qZUzoXDFTAHTDC4NOoG/ZxU3EvlMPQ==",
      "engines": {
        "node": ">=8"
      }
    },
    "node_modules/hurp-cli": {
      "version": "0.4.0",
      "resolved": "https://registry.npmjs.org/hurp-cli/-/hurp-cli-0.4.0.tgz",
      "integrity": "sha512-djToMSijyG2O2EpeNyoF7CRys7bRxjekPPz1c/05vwJo47FqCjjNWe7LbY9zmfs5XsoQ7ZS7/CTBJrvN5sxzZg==",
      "peer": true,
      "dependencies": {
        "camel-case": "^4.1.2",
        "lodash": "^4.17.21",
        "minimist": "^1.2.6",
        "param-case": "^3.0.4"
      }
    },
    "node_modules/hurp-types": {
      "version": "1.0.3",
      "resolved": "https://registry.npmjs.org/hurp-types/-/hurp-types-1.0.3.tgz",
      "integrity": "sha512-Sfbcr514R3RCO6n6Ur/ZMImGWcL2mWgPP8UWlVTGyVrb5hFJODOyQvij0UAJBhdzNstjtx6cEyeGh4E/4ZFFsA=="
    },
    "node_modules/inspectify": {
      "version": "0.1.0",
      "resolved": "https://registry.npmjs.org/inspectify/-/inspectify-0.1.0.tgz",
      "integrity": "sha512-xOXg5szzel72aDwoSpxNslShOc4nRSVnZrZJcwPJ81dElE8IKr4MTPLTz30dT5uMYIx0xqRlDQeY0mqPV2JhHw=="
    },
    "node_modules/locate-path": {
      "version": "6.0.0",
      "resolved": "https://registry.npmjs.org/locate-path/-/locate-path-6.0.0.tgz",
      "integrity": "sha512-iPZK6eYjbxRu3uB4/WZ3EsEIMJFMqAoopl3R+zuq0UjcAm/MO6KCweDgPfP3elTztoKP3KtnVHxTn2NHBSDVUw==",
      "dependencies": {
        "p-locate": "^5.0.0"
      },
      "engines": {
        "node": ">=10"
      },
      "funding": {
        "url": "https://github.com/sponsors/sindresorhus"
      }
    },
    "node_modules/lodash": {
      "version": "4.17.21",
      "resolved": "https://registry.npmjs.org/lodash/-/lodash-4.17.21.tgz",
      "integrity": "sha512-v2kDEe57lecTulaDIuNTPy3Ry4gLGJ6Z1O3vE1krgXZNrsQ+LFTGHVxVjcXPs17LhbZVGedAJv8XZ1tvj5FvSg==",
      "peer": true
    },
    "node_modules/lower-case": {
      "version": "2.0.2",
      "resolved": "https://registry.npmjs.org/lower-case/-/lower-case-2.0.2.tgz",
      "integrity": "sha512-7fm3l3NAF9WfN6W3JOmf5drwpVqX78JtoGJ3A6W0a6ZnldM41w2fV5D490psKFTpMds8TJse/eHLFFsNHHjHgg==",
      "peer": true,
      "dependencies": {
        "tslib": "^2.0.3"
      }
    },
    "node_modules/minimist": {
      "version": "1.2.6",
      "resolved": "https://registry.npmjs.org/minimist/-/minimist-1.2.6.tgz",
      "integrity": "sha512-Jsjnk4bw3YJqYzbdyBiNsPWHPfO++UGG749Cxs6peCu5Xg4nrena6OVxOYxrQTqww0Jmwt+Ref8rggumkTLz9Q==",
      "peer": true
    },
    "node_modules/no-case": {
      "version": "3.0.4",
      "resolved": "https://registry.npmjs.org/no-case/-/no-case-3.0.4.tgz",
      "integrity": "sha512-fgAN3jGAh+RoxUGZHTSOLJIqUc2wmoBwGR4tbpNAKmmovFoWq0OdRkb0VkldReO2a2iBT/OEulG9XSUc10r3zg==",
      "peer": true,
      "dependencies": {
        "lower-case": "^2.0.2",
        "tslib": "^2.0.3"
      }
    },
    "node_modules/p-limit": {
      "version": "3.1.0",
      "resolved": "https://registry.npmjs.org/p-limit/-/p-limit-3.1.0.tgz",
      "integrity": "sha512-TYOanM3wGwNGsZN2cVTYPArw454xnXj5qmWF1bEoAc4+cU/ol7GVh7odevjp1FNHduHc3KZMcFduxU5Xc6uJRQ==",
      "dependencies": {
        "yocto-queue": "^0.1.0"
      },
      "engines": {
        "node": ">=10"
      },
      "funding": {
        "url": "https://github.com/sponsors/sindresorhus"
      }
    },
    "node_modules/p-locate": {
      "version": "5.0.0",
      "resolved": "https://registry.npmjs.org/p-locate/-/p-locate-5.0.0.tgz",
      "integrity": "sha512-LaNjtRWUBY++zB5nE/NwcaoMylSPk+S+ZHNB1TzdbMJMny6dynpAGt7X/tl/QYq3TIeE6nxHppbo2LGymrG5Pw==",
      "dependencies": {
        "p-limit": "^3.0.2"
      },
      "engines": {
        "node": ">=10"
      },
      "funding": {
        "url": "https://github.com/sponsors/sindresorhus"
      }
    },
    "node_modules/param-case": {
      "version": "3.0.4",
      "resolved": "https://registry.npmjs.org/param-case/-/param-case-3.0.4.tgz",
      "integrity": "sha512-RXlj7zCYokReqWpOPH9oYivUzLYZ5vAPIfEmCTNViosC78F8F0H9y7T7gG2M39ymgutxF5gcFEsyZQSph9Bp3A==",
      "peer": true,
      "dependencies": {
        "dot-case": "^3.0.4",
        "tslib": "^2.0.3"
      }
    },
    "node_modules/pascal-case": {
      "version": "3.1.2",
      "resolved": "https://registry.npmjs.org/pascal-case/-/pascal-case-3.1.2.tgz",
      "integrity": "sha512-uWlGT3YSnK9x3BQJaOdcZwrnV6hPpd8jFH1/ucpiLRPh/2zCVJKS19E4GvYHvaCcACn3foXZ0cLB9Wrx1KGe5g==",
      "peer": true,
      "dependencies": {
        "no-case": "^3.0.4",
        "tslib": "^2.0.3"
      }
    },
    "node_modules/path-exists": {
      "version": "4.0.0",
      "resolved": "https://registry.npmjs.org/path-exists/-/path-exists-4.0.0.tgz",
      "integrity": "sha512-ak9Qy5Q7jYb2Wwcey5Fpvg2KoAc/ZIhLSLOSBmRmygPsGwkVVt0fZa0qrtMz+m6tJTAHfZQ8FnmB4MG4LWy7/w==",
      "engines": {
        "node": ">=8"
      }
    },
    "node_modules/printable-characters": {
      "version": "1.0.42",
      "resolved": "https://registry.npmjs.org/printable-characters/-/printable-characters-1.0.42.tgz",
      "integrity": "sha512-dKp+C4iXWK4vVYZmYSd0KBH5F/h1HoZRsbJ82AVKRO3PEo8L4lBS/vLwhVtpwwuYcoIsVY+1JYKR268yn480uQ=="
    },
    "node_modules/supports-color": {
      "version": "7.2.0",
      "resolved": "https://registry.npmjs.org/supports-color/-/supports-color-7.2.0.tgz",
      "integrity": "sha512-qpCAvRl9stuOHveKsn7HncJRvv501qIacKzQlO/+Lwxc9+0q2wLyv4Dfvt80/DPn2pqOBsJdDiogXGR9+OvwRw==",
      "dependencies": {
        "has-flag": "^4.0.0"
      },
      "engines": {
        "node": ">=8"
      }
    },
    "node_modules/tslib": {
      "version": "2.4.0",
      "resolved": "https://registry.npmjs.org/tslib/-/tslib-2.4.0.tgz",
      "integrity": "sha512-d6xOpEDfsi2CZVlPQzGeux8XMwLT9hssAsaPYExaQMuYskwb+x1x7J371tWlbBdWHroy99KnVB6qIkUbs5X3UQ==",
      "peer": true
    },
    "node_modules/typescript": {
      "version": "4.7.4",
      "resolved": "https://registry.npmjs.org/typescript/-/typescript-4.7.4.tgz",
      "integrity": "sha512-C0WQT0gezHuw6AdY1M2jxUO83Rjf0HP7Sk1DtXj6j1EwkQNZrHAg2XPWlq62oqEhYvONq5pkC2Y9oPljWToLmQ==",
      "dev": true,
      "bin": {
        "tsc": "bin/tsc",
        "tsserver": "bin/tsserver"
      },
      "engines": {
        "node": ">=4.2.0"
      }
    },
    "node_modules/uberlog": {
      "version": "0.1.1",
      "resolved": "https://registry.npmjs.org/uberlog/-/uberlog-0.1.1.tgz",
      "integrity": "sha512-cEMbtcOGpAHTvxJgIA47byPaUM0D8GD2j2X+NYNoVAFOZ5EkBFiDcvQdlL298qVUCMsIsDiT9xVkDlSe05HoPA=="
    },
    "node_modules/uberlog-format": {
      "version": "0.1.0",
      "resolved": "https://registry.npmjs.org/uberlog-format/-/uberlog-format-0.1.0.tgz",
      "integrity": "sha512-LRfPsiN2G2EU5GkHx054/U2gvR2iA92Ww8Nn/BUZ5YFqBhnIPE7Xrjqm/vWp2bjQT4cVQmdE6ViyTLM3wZURcA==",
      "dependencies": {
        "chalk": "^4.1.2",
        "date-fns": "^2.29.1",
        "inspectify": "^0.1.0"
      },
      "peerDependencies": {
        "uberlog": "^0.1.1"
      }
    },
    "node_modules/yocto-queue": {
      "version": "0.1.0",
      "resolved": "https://registry.npmjs.org/yocto-queue/-/yocto-queue-0.1.0.tgz",
      "integrity": "sha512-rVksvsnNCdJ/ohGc6xgPwyN8eheCxsiLM8mxuE/t/mOVqJewPuO1miLpTHQiRgTKCLexL4MeAFVagts7HmNZ2Q==",
      "engines": {
        "node": ">=10"
      },
      "funding": {
        "url": "https://github.com/sponsors/sindresorhus"
      }
    }
  },
  "dependencies": {
    "@types/node": {
      "version": "18.7.3",
      "resolved": "https://registry.npmjs.org/@types/node/-/node-18.7.3.tgz",
      "integrity": "sha512-LJgzOEwWuMTBxHzgBR/fhhBOWrvBjvO+zPteUgbbuQi80rYIZHrk1mNbRUqPZqSLP2H7Rwt1EFLL/tNLD1Xx/w==",
      "dev": true
    },
    "ansi-styles": {
      "version": "4.3.0",
      "resolved": "https://registry.npmjs.org/ansi-styles/-/ansi-styles-4.3.0.tgz",
      "integrity": "sha512-zbB9rCJAT1rbjiVDb2hqKFHNYLxgtk8NURxZ3IZwD3F6NtxbXZQCnnSi1Lkx+IDohdPlFp222wVALIheZJQSEg==",
      "requires": {
        "color-convert": "^2.0.1"
      }
    },
    "as-table": {
      "version": "1.0.55",
      "resolved": "https://registry.npmjs.org/as-table/-/as-table-1.0.55.tgz",
      "integrity": "sha512-xvsWESUJn0JN421Xb9MQw6AsMHRCUknCe0Wjlxvjud80mU4E6hQf1A6NzQKcYNmYw62MfzEtXc+badstZP3JpQ==",
      "requires": {
        "printable-characters": "^1.0.42"
      }
    },
    "camel-case": {
      "version": "4.1.2",
      "resolved": "https://registry.npmjs.org/camel-case/-/camel-case-4.1.2.tgz",
      "integrity": "sha512-gxGWBrTT1JuMx6R+o5PTXMmUnhnVzLQ9SNutD4YqKtI6ap897t3tKECYla6gCWEkplXnlNybEkZg9GEGxKFCgw==",
      "peer": true,
      "requires": {
        "pascal-case": "^3.1.2",
        "tslib": "^2.0.3"
      }
    },
    "chalk": {
      "version": "4.1.2",
      "resolved": "https://registry.npmjs.org/chalk/-/chalk-4.1.2.tgz",
      "integrity": "sha512-oKnbhFyRIXpUuez8iBMmyEa4nbj4IOQyuhc/wy9kY7/WVPcwIO9VA668Pu8RkO7+0G76SLROeyw9CpQ061i4mA==",
      "requires": {
        "ansi-styles": "^4.1.0",
        "supports-color": "^7.1.0"
      }
    },
    "color-convert": {
      "version": "2.0.1",
      "resolved": "https://registry.npmjs.org/color-convert/-/color-convert-2.0.1.tgz",
      "integrity": "sha512-RRECPsj7iu/xb5oKYcsFHSppFNnsj/52OVTRKb4zP5onXwVF3zVmmToNcOfGC+CRDpfK/U584fMg38ZHCaElKQ==",
      "requires": {
        "color-name": "~1.1.4"
      }
    },
    "color-name": {
      "version": "1.1.4",
      "resolved": "https://registry.npmjs.org/color-name/-/color-name-1.1.4.tgz",
      "integrity": "sha512-dOy+3AuW3a2wNbZHIuMZpTcgjGuLU/uBL/ubcZF9OXbDo8ff4O8yVp5Bf0efS8uEoYo5q4Fx7dY9OgQGXgAsQA=="
    },
    "date-fns": {
      "version": "2.29.1",
      "resolved": "https://registry.npmjs.org/date-fns/-/date-fns-2.29.1.tgz",
      "integrity": "sha512-dlLD5rKaKxpFdnjrs+5azHDFOPEu4ANy/LTh04A1DTzMM7qoajmKCBc8pkKRFT41CNzw+4gQh79X5C+Jq27HAw=="
    },
    "dot-case": {
      "version": "3.0.4",
      "resolved": "https://registry.npmjs.org/dot-case/-/dot-case-3.0.4.tgz",
      "integrity": "sha512-Kv5nKlh6yRrdrGvxeJ2e5y2eRUpkUosIW4A2AS38zwSz27zu7ufDwQPi5Jhs3XAlGNetl3bmnGhQsMtkKJnj3w==",
      "peer": true,
      "requires": {
        "no-case": "^3.0.4",
        "tslib": "^2.0.3"
      }
    },
    "find-up": {
      "version": "5.0.0",
      "resolved": "https://registry.npmjs.org/find-up/-/find-up-5.0.0.tgz",
      "integrity": "sha512-78/PXT1wlLLDgTzDs7sjq9hzz0vXD+zn+7wypEe4fXQxCmdmqfGsEPQxmiCSQI3ajFV91bVSsvNtrJRiW6nGng==",
      "requires": {
        "locate-path": "^6.0.0",
        "path-exists": "^4.0.0"
      }
    },
    "has-flag": {
      "version": "4.0.0",
      "resolved": "https://registry.npmjs.org/has-flag/-/has-flag-4.0.0.tgz",
      "integrity": "sha512-EykJT/Q1KjTWctppgIAgfSO0tKVuZUjhgMr17kqTumMl6Afv3EISleU7qZUzoXDFTAHTDC4NOoG/ZxU3EvlMPQ=="
    },
    "hurp-cli": {
      "version": "0.4.0",
      "resolved": "https://registry.npmjs.org/hurp-cli/-/hurp-cli-0.4.0.tgz",
      "integrity": "sha512-djToMSijyG2O2EpeNyoF7CRys7bRxjekPPz1c/05vwJo47FqCjjNWe7LbY9zmfs5XsoQ7ZS7/CTBJrvN5sxzZg==",
      "peer": true,
      "requires": {
        "camel-case": "^4.1.2",
        "lodash": "^4.17.21",
        "minimist": "^1.2.6",
        "param-case": "^3.0.4"
      }
    },
    "hurp-types": {
      "version": "1.0.3",
      "resolved": "https://registry.npmjs.org/hurp-types/-/hurp-types-1.0.3.tgz",
      "integrity": "sha512-Sfbcr514R3RCO6n6Ur/ZMImGWcL2mWgPP8UWlVTGyVrb5hFJODOyQvij0UAJBhdzNstjtx6cEyeGh4E/4ZFFsA=="
    },
    "inspectify": {
      "version": "0.1.0",
      "resolved": "https://registry.npmjs.org/inspectify/-/inspectify-0.1.0.tgz",
      "integrity": "sha512-xOXg5szzel72aDwoSpxNslShOc4nRSVnZrZJcwPJ81dElE8IKr4MTPLTz30dT5uMYIx0xqRlDQeY0mqPV2JhHw=="
    },
    "locate-path": {
      "version": "6.0.0",
      "resolved": "https://registry.npmjs.org/locate-path/-/locate-path-6.0.0.tgz",
      "integrity": "sha512-iPZK6eYjbxRu3uB4/WZ3EsEIMJFMqAoopl3R+zuq0UjcAm/MO6KCweDgPfP3elTztoKP3KtnVHxTn2NHBSDVUw==",
      "requires": {
        "p-locate": "^5.0.0"
      }
    },
    "lodash": {
      "version": "4.17.21",
      "resolved": "https://registry.npmjs.org/lodash/-/lodash-4.17.21.tgz",
      "integrity": "sha512-v2kDEe57lecTulaDIuNTPy3Ry4gLGJ6Z1O3vE1krgXZNrsQ+LFTGHVxVjcXPs17LhbZVGedAJv8XZ1tvj5FvSg==",
      "peer": true
    },
    "lower-case": {
      "version": "2.0.2",
      "resolved": "https://registry.npmjs.org/lower-case/-/lower-case-2.0.2.tgz",
      "integrity": "sha512-7fm3l3NAF9WfN6W3JOmf5drwpVqX78JtoGJ3A6W0a6ZnldM41w2fV5D490psKFTpMds8TJse/eHLFFsNHHjHgg==",
      "peer": true,
      "requires": {
        "tslib": "^2.0.3"
      }
    },
    "minimist": {
      "version": "1.2.6",
      "resolved": "https://registry.npmjs.org/minimist/-/minimist-1.2.6.tgz",
      "integrity": "sha512-Jsjnk4bw3YJqYzbdyBiNsPWHPfO++UGG749Cxs6peCu5Xg4nrena6OVxOYxrQTqww0Jmwt+Ref8rggumkTLz9Q==",
      "peer": true
    },
    "no-case": {
      "version": "3.0.4",
      "resolved": "https://registry.npmjs.org/no-case/-/no-case-3.0.4.tgz",
      "integrity": "sha512-fgAN3jGAh+RoxUGZHTSOLJIqUc2wmoBwGR4tbpNAKmmovFoWq0OdRkb0VkldReO2a2iBT/OEulG9XSUc10r3zg==",
      "peer": true,
      "requires": {
        "lower-case": "^2.0.2",
        "tslib": "^2.0.3"
      }
    },
    "p-limit": {
      "version": "3.1.0",
      "resolved": "https://registry.npmjs.org/p-limit/-/p-limit-3.1.0.tgz",
      "integrity": "sha512-TYOanM3wGwNGsZN2cVTYPArw454xnXj5qmWF1bEoAc4+cU/ol7GVh7odevjp1FNHduHc3KZMcFduxU5Xc6uJRQ==",
      "requires": {
        "yocto-queue": "^0.1.0"
      }
    },
    "p-locate": {
      "version": "5.0.0",
      "resolved": "https://registry.npmjs.org/p-locate/-/p-locate-5.0.0.tgz",
      "integrity": "sha512-LaNjtRWUBY++zB5nE/NwcaoMylSPk+S+ZHNB1TzdbMJMny6dynpAGt7X/tl/QYq3TIeE6nxHppbo2LGymrG5Pw==",
      "requires": {
        "p-limit": "^3.0.2"
      }
    },
    "param-case": {
      "version": "3.0.4",
      "resolved": "https://registry.npmjs.org/param-case/-/param-case-3.0.4.tgz",
      "integrity": "sha512-RXlj7zCYokReqWpOPH9oYivUzLYZ5vAPIfEmCTNViosC78F8F0H9y7T7gG2M39ymgutxF5gcFEsyZQSph9Bp3A==",
      "peer": true,
      "requires": {
        "dot-case": "^3.0.4",
        "tslib": "^2.0.3"
      }
    },
    "pascal-case": {
      "version": "3.1.2",
      "resolved": "https://registry.npmjs.org/pascal-case/-/pascal-case-3.1.2.tgz",
      "integrity": "sha512-uWlGT3YSnK9x3BQJaOdcZwrnV6hPpd8jFH1/ucpiLRPh/2zCVJKS19E4GvYHvaCcACn3foXZ0cLB9Wrx1KGe5g==",
      "peer": true,
      "requires": {
        "no-case": "^3.0.4",
        "tslib": "^2.0.3"
      }
    },
    "path-exists": {
      "version": "4.0.0",
      "resolved": "https://registry.npmjs.org/path-exists/-/path-exists-4.0.0.tgz",
      "integrity": "sha512-ak9Qy5Q7jYb2Wwcey5Fpvg2KoAc/ZIhLSLOSBmRmygPsGwkVVt0fZa0qrtMz+m6tJTAHfZQ8FnmB4MG4LWy7/w=="
    },
    "printable-characters": {
      "version": "1.0.42",
      "resolved": "https://registry.npmjs.org/printable-characters/-/printable-characters-1.0.42.tgz",
      "integrity": "sha512-dKp+C4iXWK4vVYZmYSd0KBH5F/h1HoZRsbJ82AVKRO3PEo8L4lBS/vLwhVtpwwuYcoIsVY+1JYKR268yn480uQ=="
    },
    "supports-color": {
      "version": "7.2.0",
      "resolved": "https://registry.npmjs.org/supports-color/-/supports-color-7.2.0.tgz",
      "integrity": "sha512-qpCAvRl9stuOHveKsn7HncJRvv501qIacKzQlO/+Lwxc9+0q2wLyv4Dfvt80/DPn2pqOBsJdDiogXGR9+OvwRw==",
      "requires": {
        "has-flag": "^4.0.0"
      }
    },
    "tslib": {
      "version": "2.4.0",
      "resolved": "https://registry.npmjs.org/tslib/-/tslib-2.4.0.tgz",
      "integrity": "sha512-d6xOpEDfsi2CZVlPQzGeux8XMwLT9hssAsaPYExaQMuYskwb+x1x7J371tWlbBdWHroy99KnVB6qIkUbs5X3UQ==",
      "peer": true
    },
    "typescript": {
      "version": "4.7.4",
      "resolved": "https://registry.npmjs.org/typescript/-/typescript-4.7.4.tgz",
      "integrity": "sha512-C0WQT0gezHuw6AdY1M2jxUO83Rjf0HP7Sk1DtXj6j1EwkQNZrHAg2XPWlq62oqEhYvONq5pkC2Y9oPljWToLmQ==",
      "dev": true
    },
    "uberlog": {
      "version": "0.1.1",
      "resolved": "https://registry.npmjs.org/uberlog/-/uberlog-0.1.1.tgz",
      "integrity": "sha512-cEMbtcOGpAHTvxJgIA47byPaUM0D8GD2j2X+NYNoVAFOZ5EkBFiDcvQdlL298qVUCMsIsDiT9xVkDlSe05HoPA=="
    },
    "uberlog-format": {
      "version": "0.1.0",
      "resolved": "https://registry.npmjs.org/uberlog-format/-/uberlog-format-0.1.0.tgz",
      "integrity": "sha512-LRfPsiN2G2EU5GkHx054/U2gvR2iA92Ww8Nn/BUZ5YFqBhnIPE7Xrjqm/vWp2bjQT4cVQmdE6ViyTLM3wZURcA==",
      "requires": {
        "chalk": "^4.1.2",
        "date-fns": "^2.29.1",
        "inspectify": "^0.1.0"
      }
    },
    "yocto-queue": {
      "version": "0.1.0",
      "resolved": "https://registry.npmjs.org/yocto-queue/-/yocto-queue-0.1.0.tgz",
      "integrity": "sha512-rVksvsnNCdJ/ohGc6xgPwyN8eheCxsiLM8mxuE/t/mOVqJewPuO1miLpTHQiRgTKCLexL4MeAFVagts7HmNZ2Q=="
    }
  }
}
